// !$*UTF8*$!
{
	archiveVersion = 1;
	classes = {
	};
	objectVersion = 56;
	objects = {

/* Begin PBXBuildFile section */
		713490282C2DB9710038F6FF /* SwiftDataTestApp.swift in Sources */ = {isa = PBXBuildFile; fileRef = 713490272C2DB9710038F6FF /* SwiftDataTestApp.swift */; };
		7134902A2C2DB9710038F6FF /* ContentView.swift in Sources */ = {isa = PBXBuildFile; fileRef = 713490292C2DB9710038F6FF /* ContentView.swift */; };
		7134902E2C2DB9730038F6FF /* Assets.xcassets in Resources */ = {isa = PBXBuildFile; fileRef = 7134902D2C2DB9730038F6FF /* Assets.xcassets */; };
		713490312C2DB9730038F6FF /* Preview Assets.xcassets in Resources */ = {isa = PBXBuildFile; fileRef = 713490302C2DB9730038F6FF /* Preview Assets.xcassets */; };
		7156C7B32C2E736500AD04A7 /* TodayRingData.swift in Sources */ = {isa = PBXBuildFile; fileRef = 7156C79F2C2E736200AD04A7 /* TodayRingData.swift */; };
		7156C7B42C2E736500AD04A7 /* SleepDataSource.swift in Sources */ = {isa = PBXBuildFile; fileRef = 7156C7A02C2E736200AD04A7 /* SleepDataSource.swift */; };
		7156C7B62C2E736500AD04A7 /* SettingType.swift in Sources */ = {isa = PBXBuildFile; fileRef = 7156C7A22C2E736200AD04A7 /* SettingType.swift */; };
		7156C7B72C2E736500AD04A7 /* WorkoutDetailData.swift in Sources */ = {isa = PBXBuildFile; fileRef = 7156C7A32C2E736200AD04A7 /* WorkoutDetailData.swift */; };
		7156C7B82C2E736500AD04A7 /* HeartZoneData.swift in Sources */ = {isa = PBXBuildFile; fileRef = 7156C7A42C2E736200AD04A7 /* HeartZoneData.swift */; };
		7156C7B92C2E736500AD04A7 /* HealthDataList.swift in Sources */ = {isa = PBXBuildFile; fileRef = 7156C7A52C2E736300AD04A7 /* HealthDataList.swift */; };
		7156C7BA2C2E736500AD04A7 /* HealthDataStatistics.swift in Sources */ = {isa = PBXBuildFile; fileRef = 7156C7A62C2E736300AD04A7 /* HealthDataStatistics.swift */; };
		7156C7BB2C2E736500AD04A7 /* TodayHealthData.swift in Sources */ = {isa = PBXBuildFile; fileRef = 7156C7A72C2E736300AD04A7 /* TodayHealthData.swift */; };
		7156C7BC2C2E736500AD04A7 /* SportsDataStatistics.swift in Sources */ = {isa = PBXBuildFile; fileRef = 7156C7A82C2E736300AD04A7 /* SportsDataStatistics.swift */; };
		7156C7BD2C2E736500AD04A7 /* WorkoutMaxMinRangeData.swift in Sources */ = {isa = PBXBuildFile; fileRef = 7156C7A92C2E736300AD04A7 /* WorkoutMaxMinRangeData.swift */; };
		7156C7BE2C2E736500AD04A7 /* SleepStagesData.swift in Sources */ = {isa = PBXBuildFile; fileRef = 7156C7AA2C2E736400AD04A7 /* SleepStagesData.swift */; };
		7156C7BF2C2E736500AD04A7 /* ModelStruct.swift in Sources */ = {isa = PBXBuildFile; fileRef = 7156C7AB2C2E736400AD04A7 /* ModelStruct.swift */; };
		7156C7C02C2E736500AD04A7 /* WorkoutList.swift in Sources */ = {isa = PBXBuildFile; fileRef = 7156C7AC2C2E736400AD04A7 /* WorkoutList.swift */; };
		7156C7C12C2E736500AD04A7 /* WorkoutSegmentData.swift in Sources */ = {isa = PBXBuildFile; fileRef = 7156C7AD2C2E736400AD04A7 /* WorkoutSegmentData.swift */; };
		7156C7C22C2E736500AD04A7 /* WorkoutTargetData.swift in Sources */ = {isa = PBXBuildFile; fileRef = 7156C7AE2C2E736400AD04A7 /* WorkoutTargetData.swift */; };
		7156C7C32C2E736500AD04A7 /* WorkoutHeartZone.swift in Sources */ = {isa = PBXBuildFile; fileRef = 7156C7AF2C2E736500AD04A7 /* WorkoutHeartZone.swift */; };
		7156C7C42C2E736500AD04A7 /* WorkoutStatisticsForTarget.swift in Sources */ = {isa = PBXBuildFile; fileRef = 7156C7B02C2E736500AD04A7 /* WorkoutStatisticsForTarget.swift */; };
		7156C7CE2C2E791F00AD04A7 /* MeSchemaV4.swift in Sources */ = {isa = PBXBuildFile; fileRef = 7156C7C92C2E791F00AD04A7 /* MeSchemaV4.swift */; };
		7156C7CF2C2E791F00AD04A7 /* MeSchemaV2.swift in Sources */ = {isa = PBXBuildFile; fileRef = 7156C7CA2C2E791F00AD04A7 /* MeSchemaV2.swift */; };
		7156C7D02C2E791F00AD04A7 /* MigrationPlan.swift in Sources */ = {isa = PBXBuildFile; fileRef = 7156C7CB2C2E791F00AD04A7 /* MigrationPlan.swift */; };
		7156C7D12C2E791F00AD04A7 /* MeSchemaV3.swift in Sources */ = {isa = PBXBuildFile; fileRef = 7156C7CC2C2E791F00AD04A7 /* MeSchemaV3.swift */; };
		7156C7D22C2E791F00AD04A7 /* MeSchemaV1.swift in Sources */ = {isa = PBXBuildFile; fileRef = 7156C7CD2C2E791F00AD04A7 /* MeSchemaV1.swift */; };
/* End PBXBuildFile section */

/* Begin PBXFileReference section */
		713490242C2DB9710038F6FF /* SwiftDataTest.app */ = {isa = PBXFileReference; explicitFileType = wrapper.application; includeInIndex = 0; path = SwiftDataTest.app; sourceTree = BUILT_PRODUCTS_DIR; };
		713490272C2DB9710038F6FF /* SwiftDataTestApp.swift */ = {isa = PBXFileReference; lastKnownFileType = sourcecode.swift; path = SwiftDataTestApp.swift; sourceTree = "<group>"; };
		713490292C2DB9710038F6FF /* ContentView.swift */ = {isa = PBXFileReference; lastKnownFileType = sourcecode.swift; path = ContentView.swift; sourceTree = "<group>"; };
		7134902D2C2DB9730038F6FF /* Assets.xcassets */ = {isa = PBXFileReference; lastKnownFileType = folder.assetcatalog; path = Assets.xcassets; sourceTree = "<group>"; };
		713490302C2DB9730038F6FF /* Preview Assets.xcassets */ = {isa = PBXFileReference; lastKnownFileType = folder.assetcatalog; path = "Preview Assets.xcassets"; sourceTree = "<group>"; };
		7156C79F2C2E736200AD04A7 /* TodayRingData.swift */ = {isa = PBXFileReference; fileEncoding = 4; lastKnownFileType = sourcecode.swift; path = TodayRingData.swift; sourceTree = "<group>"; };
		7156C7A02C2E736200AD04A7 /* SleepDataSource.swift */ = {isa = PBXFileReference; fileEncoding = 4; lastKnownFileType = sourcecode.swift; path = SleepDataSource.swift; sourceTree = "<group>"; };
		7156C7A22C2E736200AD04A7 /* SettingType.swift */ = {isa = PBXFileReference; fileEncoding = 4; lastKnownFileType = sourcecode.swift; path = SettingType.swift; sourceTree = "<group>"; };
		7156C7A32C2E736200AD04A7 /* WorkoutDetailData.swift */ = {isa = PBXFileReference; fileEncoding = 4; lastKnownFileType = sourcecode.swift; path = WorkoutDetailData.swift; sourceTree = "<group>"; };
		7156C7A42C2E736200AD04A7 /* HeartZoneData.swift */ = {isa = PBXFileReference; fileEncoding = 4; lastKnownFileType = sourcecode.swift; path = HeartZoneData.swift; sourceTree = "<group>"; };
		7156C7A52C2E736300AD04A7 /* HealthDataList.swift */ = {isa = PBXFileReference; fileEncoding = 4; lastKnownFileType = sourcecode.swift; path = HealthDataList.swift; sourceTree = "<group>"; };
		7156C7A62C2E736300AD04A7 /* HealthDataStatistics.swift */ = {isa = PBXFileReference; fileEncoding = 4; lastKnownFileType = sourcecode.swift; path = HealthDataStatistics.swift; sourceTree = "<group>"; };
		7156C7A72C2E736300AD04A7 /* TodayHealthData.swift */ = {isa = PBXFileReference; fileEncoding = 4; lastKnownFileType = sourcecode.swift; path = TodayHealthData.swift; sourceTree = "<group>"; };
		7156C7A82C2E736300AD04A7 /* SportsDataStatistics.swift */ = {isa = PBXFileReference; fileEncoding = 4; lastKnownFileType = sourcecode.swift; path = SportsDataStatistics.swift; sourceTree = "<group>"; };
		7156C7A92C2E736300AD04A7 /* WorkoutMaxMinRangeData.swift */ = {isa = PBXFileReference; fileEncoding = 4; lastKnownFileType = sourcecode.swift; path = WorkoutMaxMinRangeData.swift; sourceTree = "<group>"; };
		7156C7AA2C2E736400AD04A7 /* SleepStagesData.swift */ = {isa = PBXFileReference; fileEncoding = 4; lastKnownFileType = sourcecode.swift; path = SleepStagesData.swift; sourceTree = "<group>"; };
		7156C7AB2C2E736400AD04A7 /* ModelStruct.swift */ = {isa = PBXFileReference; fileEncoding = 4; lastKnownFileType = sourcecode.swift; path = ModelStruct.swift; sourceTree = "<group>"; };
		7156C7AC2C2E736400AD04A7 /* WorkoutList.swift */ = {isa = PBXFileReference; fileEncoding = 4; lastKnownFileType = sourcecode.swift; path = WorkoutList.swift; sourceTree = "<group>"; };
		7156C7AD2C2E736400AD04A7 /* WorkoutSegmentData.swift */ = {isa = PBXFileReference; fileEncoding = 4; lastKnownFileType = sourcecode.swift; path = WorkoutSegmentData.swift; sourceTree = "<group>"; };
		7156C7AE2C2E736400AD04A7 /* WorkoutTargetData.swift */ = {isa = PBXFileReference; fileEncoding = 4; lastKnownFileType = sourcecode.swift; path = WorkoutTargetData.swift; sourceTree = "<group>"; };
		7156C7AF2C2E736500AD04A7 /* WorkoutHeartZone.swift */ = {isa = PBXFileReference; fileEncoding = 4; lastKnownFileType = sourcecode.swift; path = WorkoutHeartZone.swift; sourceTree = "<group>"; };
		7156C7B02C2E736500AD04A7 /* WorkoutStatisticsForTarget.swift */ = {isa = PBXFileReference; fileEncoding = 4; lastKnownFileType = sourcecode.swift; path = WorkoutStatisticsForTarget.swift; sourceTree = "<group>"; };
		7156C7C92C2E791F00AD04A7 /* MeSchemaV4.swift */ = {isa = PBXFileReference; fileEncoding = 4; lastKnownFileType = sourcecode.swift; path = MeSchemaV4.swift; sourceTree = "<group>"; };
		7156C7CA2C2E791F00AD04A7 /* MeSchemaV2.swift */ = {isa = PBXFileReference; fileEncoding = 4; lastKnownFileType = sourcecode.swift; path = MeSchemaV2.swift; sourceTree = "<group>"; };
		7156C7CB2C2E791F00AD04A7 /* MigrationPlan.swift */ = {isa = PBXFileReference; fileEncoding = 4; lastKnownFileType = sourcecode.swift; path = MigrationPlan.swift; sourceTree = "<group>"; };
		7156C7CC2C2E791F00AD04A7 /* MeSchemaV3.swift */ = {isa = PBXFileReference; fileEncoding = 4; lastKnownFileType = sourcecode.swift; path = MeSchemaV3.swift; sourceTree = "<group>"; };
		7156C7CD2C2E791F00AD04A7 /* MeSchemaV1.swift */ = {isa = PBXFileReference; fileEncoding = 4; lastKnownFileType = sourcecode.swift; path = MeSchemaV1.swift; sourceTree = "<group>"; };
/* End PBXFileReference section */

/* Begin PBXFrameworksBuildPhase section */
		713490212C2DB9710038F6FF /* Frameworks */ = {
			isa = PBXFrameworksBuildPhase;
			buildActionMask = 2147483647;
			files = (
			);
			runOnlyForDeploymentPostprocessing = 0;
		};
/* End PBXFrameworksBuildPhase section */

/* Begin PBXGroup section */
		7134901B2C2DB9710038F6FF = {
			isa = PBXGroup;
			children = (
				713490262C2DB9710038F6FF /* SwiftDataTest */,
				713490252C2DB9710038F6FF /* Products */,
			);
			sourceTree = "<group>";
		};
		713490252C2DB9710038F6FF /* Products */ = {
			isa = PBXGroup;
			children = (
				713490242C2DB9710038F6FF /* SwiftDataTest.app */,
			);
			name = Products;
			sourceTree = "<group>";
		};
		713490262C2DB9710038F6FF /* SwiftDataTest */ = {
			isa = PBXGroup;
			children = (
				713490272C2DB9710038F6FF /* SwiftDataTestApp.swift */,
				713490292C2DB9710038F6FF /* ContentView.swift */,
				7156C7C82C2E78E900AD04A7 /* Migraiton */,
				7156C7C72C2E788C00AD04A7 /* Model */,
				7134902D2C2DB9730038F6FF /* Assets.xcassets */,
				7134902F2C2DB9730038F6FF /* Preview Content */,
			);
			path = SwiftDataTest;
			sourceTree = "<group>";
		};
		7134902F2C2DB9730038F6FF /* Preview Content */ = {
			isa = PBXGroup;
			children = (
				713490302C2DB9730038F6FF /* Preview Assets.xcassets */,
			);
			path = "Preview Content";
			sourceTree = "<group>";
		};
		7156C7C72C2E788C00AD04A7 /* Model */ = {
			isa = PBXGroup;
			children = (
				7156C7AB2C2E736400AD04A7 /* ModelStruct.swift */,
				7156C7A52C2E736300AD04A7 /* HealthDataList.swift */,
				7156C7A62C2E736300AD04A7 /* HealthDataStatistics.swift */,
				7156C7A42C2E736200AD04A7 /* HeartZoneData.swift */,
				7156C7A22C2E736200AD04A7 /* SettingType.swift */,
				7156C7A02C2E736200AD04A7 /* SleepDataSource.swift */,
				7156C7AA2C2E736400AD04A7 /* SleepStagesData.swift */,
				7156C7A82C2E736300AD04A7 /* SportsDataStatistics.swift */,
				7156C7A72C2E736300AD04A7 /* TodayHealthData.swift */,
				7156C79F2C2E736200AD04A7 /* TodayRingData.swift */,
				7156C7A32C2E736200AD04A7 /* WorkoutDetailData.swift */,
				7156C7AF2C2E736500AD04A7 /* WorkoutHeartZone.swift */,
				7156C7AC2C2E736400AD04A7 /* WorkoutList.swift */,
				7156C7A92C2E736300AD04A7 /* WorkoutMaxMinRangeData.swift */,
				7156C7AD2C2E736400AD04A7 /* WorkoutSegmentData.swift */,
				7156C7B02C2E736500AD04A7 /* WorkoutStatisticsForTarget.swift */,
				7156C7AE2C2E736400AD04A7 /* WorkoutTargetData.swift */,
			);
			path = Model;
			sourceTree = "<group>";
		};
		7156C7C82C2E78E900AD04A7 /* Migraiton */ = {
			isa = PBXGroup;
			children = (
				7156C7CD2C2E791F00AD04A7 /* MeSchemaV1.swift */,
				7156C7CA2C2E791F00AD04A7 /* MeSchemaV2.swift */,
				7156C7CC2C2E791F00AD04A7 /* MeSchemaV3.swift */,
				7156C7C92C2E791F00AD04A7 /* MeSchemaV4.swift */,
				7156C7CB2C2E791F00AD04A7 /* MigrationPlan.swift */,
			);
			path = Migraiton;
			sourceTree = "<group>";
		};
/* End PBXGroup section */

/* Begin PBXNativeTarget section */
		713490232C2DB9710038F6FF /* SwiftDataTest */ = {
			isa = PBXNativeTarget;
			buildConfigurationList = 713490342C2DB9730038F6FF /* Build configuration list for PBXNativeTarget "SwiftDataTest" */;
			buildPhases = (
				713490202C2DB9710038F6FF /* Sources */,
				713490212C2DB9710038F6FF /* Frameworks */,
				713490222C2DB9710038F6FF /* Resources */,
			);
			buildRules = (
			);
			dependencies = (
			);
			name = SwiftDataTest;
			productName = SwiftDataTest;
			productReference = 713490242C2DB9710038F6FF /* SwiftDataTest.app */;
			productType = "com.apple.product-type.application";
		};
/* End PBXNativeTarget section */

/* Begin PBXProject section */
		7134901C2C2DB9710038F6FF /* Project object */ = {
			isa = PBXProject;
			attributes = {
				BuildIndependentTargetsInParallel = 1;
				LastSwiftUpdateCheck = 1540;
				LastUpgradeCheck = 1540;
				TargetAttributes = {
					713490232C2DB9710038F6FF = {
						CreatedOnToolsVersion = 15.4;
					};
				};
			};
			buildConfigurationList = 7134901F2C2DB9710038F6FF /* Build configuration list for PBXProject "SwiftDataTest" */;
			compatibilityVersion = "Xcode 14.0";
			developmentRegion = en;
			hasScannedForEncodings = 0;
			knownRegions = (
				en,
				Base,
			);
			mainGroup = 7134901B2C2DB9710038F6FF;
			productRefGroup = 713490252C2DB9710038F6FF /* Products */;
			projectDirPath = "";
			projectRoot = "";
			targets = (
				713490232C2DB9710038F6FF /* SwiftDataTest */,
			);
		};
/* End PBXProject section */

/* Begin PBXResourcesBuildPhase section */
		713490222C2DB9710038F6FF /* Resources */ = {
			isa = PBXResourcesBuildPhase;
			buildActionMask = 2147483647;
			files = (
				713490312C2DB9730038F6FF /* Preview Assets.xcassets in Resources */,
				7134902E2C2DB9730038F6FF /* Assets.xcassets in Resources */,
			);
			runOnlyForDeploymentPostprocessing = 0;
		};
/* End PBXResourcesBuildPhase section */

/* Begin PBXSourcesBuildPhase section */
		713490202C2DB9710038F6FF /* Sources */ = {
			isa = PBXSourcesBuildPhase;
			buildActionMask = 2147483647;
			files = (
				7156C7B62C2E736500AD04A7 /* SettingType.swift in Sources */,
				7156C7CF2C2E791F00AD04A7 /* MeSchemaV2.swift in Sources */,
				7156C7BB2C2E736500AD04A7 /* TodayHealthData.swift in Sources */,
				7156C7C02C2E736500AD04A7 /* WorkoutList.swift in Sources */,
				7156C7B82C2E736500AD04A7 /* HeartZoneData.swift in Sources */,
				7156C7C32C2E736500AD04A7 /* WorkoutHeartZone.swift in Sources */,
				7134902A2C2DB9710038F6FF /* ContentView.swift in Sources */,
				7156C7D12C2E791F00AD04A7 /* MeSchemaV3.swift in Sources */,
				7156C7C22C2E736500AD04A7 /* WorkoutTargetData.swift in Sources */,
				7156C7B72C2E736500AD04A7 /* WorkoutDetailData.swift in Sources */,
				7156C7BF2C2E736500AD04A7 /* ModelStruct.swift in Sources */,
				7156C7C12C2E736500AD04A7 /* WorkoutSegmentData.swift in Sources */,
				7156C7B32C2E736500AD04A7 /* TodayRingData.swift in Sources */,
				7156C7D22C2E791F00AD04A7 /* MeSchemaV1.swift in Sources */,
				7156C7B42C2E736500AD04A7 /* SleepDataSource.swift in Sources */,
				7156C7CE2C2E791F00AD04A7 /* MeSchemaV4.swift in Sources */,
				7156C7C42C2E736500AD04A7 /* WorkoutStatisticsForTarget.swift in Sources */,
				7156C7BC2C2E736500AD04A7 /* SportsDataStatistics.swift in Sources */,
				7156C7BE2C2E736500AD04A7 /* SleepStagesData.swift in Sources */,
				713490282C2DB9710038F6FF /* SwiftDataTestApp.swift in Sources */,
				7156C7BD2C2E736500AD04A7 /* WorkoutMaxMinRangeData.swift in Sources */,
				7156C7D02C2E791F00AD04A7 /* MigrationPlan.swift in Sources */,
				7156C7BA2C2E736500AD04A7 /* HealthDataStatistics.swift in Sources */,
				7156C7B92C2E736500AD04A7 /* HealthDataList.swift in Sources */,
			);
			runOnlyForDeploymentPostprocessing = 0;
		};
/* End PBXSourcesBuildPhase section */

/* Begin XCBuildConfiguration section */
		713490322C2DB9730038F6FF /* Debug */ = {
			isa = XCBuildConfiguration;
			buildSettings = {
				ALWAYS_SEARCH_USER_PATHS = NO;
				ASSETCATALOG_COMPILER_GENERATE_SWIFT_ASSET_SYMBOL_EXTENSIONS = YES;
				CLANG_ANALYZER_NONNULL = YES;
				CLANG_ANALYZER_NUMBER_OBJECT_CONVERSION = YES_AGGRESSIVE;
				CLANG_CXX_LANGUAGE_STANDARD = "gnu++20";
				CLANG_ENABLE_MODULES = YES;
				CLANG_ENABLE_OBJC_ARC = YES;
				CLANG_ENABLE_OBJC_WEAK = YES;
				CLANG_WARN_BLOCK_CAPTURE_AUTORELEASING = YES;
				CLANG_WARN_BOOL_CONVERSION = YES;
				CLANG_WARN_COMMA = YES;
				CLANG_WARN_CONSTANT_CONVERSION = YES;
				CLANG_WARN_DEPRECATED_OBJC_IMPLEMENTATIONS = YES;
				CLANG_WARN_DIRECT_OBJC_ISA_USAGE = YES_ERROR;
				CLANG_WARN_DOCUMENTATION_COMMENTS = YES;
				CLANG_WARN_EMPTY_BODY = YES;
				CLANG_WARN_ENUM_CONVERSION = YES;
				CLANG_WARN_INFINITE_RECURSION = YES;
				CLANG_WARN_INT_CONVERSION = YES;
				CLANG_WARN_NON_LITERAL_NULL_CONVERSION = YES;
				CLANG_WARN_OBJC_IMPLICIT_RETAIN_SELF = YES;
				CLANG_WARN_OBJC_LITERAL_CONVERSION = YES;
				CLANG_WARN_OBJC_ROOT_CLASS = YES_ERROR;
				CLANG_WARN_QUOTED_INCLUDE_IN_FRAMEWORK_HEADER = YES;
				CLANG_WARN_RANGE_LOOP_ANALYSIS = YES;
				CLANG_WARN_STRICT_PROTOTYPES = YES;
				CLANG_WARN_SUSPICIOUS_MOVE = YES;
				CLANG_WARN_UNGUARDED_AVAILABILITY = YES_AGGRESSIVE;
				CLANG_WARN_UNREACHABLE_CODE = YES;
				CLANG_WARN__DUPLICATE_METHOD_MATCH = YES;
				COPY_PHASE_STRIP = NO;
				DEBUG_INFORMATION_FORMAT = dwarf;
				ENABLE_STRICT_OBJC_MSGSEND = YES;
				ENABLE_TESTABILITY = YES;
				ENABLE_USER_SCRIPT_SANDBOXING = YES;
				GCC_C_LANGUAGE_STANDARD = gnu17;
				GCC_DYNAMIC_NO_PIC = NO;
				GCC_NO_COMMON_BLOCKS = YES;
				GCC_OPTIMIZATION_LEVEL = 0;
				GCC_PREPROCESSOR_DEFINITIONS = (
					"DEBUG=1",
					"$(inherited)",
				);
				GCC_WARN_64_TO_32_BIT_CONVERSION = YES;
				GCC_WARN_ABOUT_RETURN_TYPE = YES_ERROR;
				GCC_WARN_UNDECLARED_SELECTOR = YES;
				GCC_WARN_UNINITIALIZED_AUTOS = YES_AGGRESSIVE;
				GCC_WARN_UNUSED_FUNCTION = YES;
				GCC_WARN_UNUSED_VARIABLE = YES;
				IPHONEOS_DEPLOYMENT_TARGET = 17.5;
				LOCALIZATION_PREFERS_STRING_CATALOGS = YES;
				MTL_ENABLE_DEBUG_INFO = INCLUDE_SOURCE;
				MTL_FAST_MATH = YES;
				ONLY_ACTIVE_ARCH = YES;
				SDKROOT = iphoneos;
				SWIFT_ACTIVE_COMPILATION_CONDITIONS = "DEBUG $(inherited)";
				SWIFT_OPTIMIZATION_LEVEL = "-Onone";
			};
			name = Debug;
		};
		713490332C2DB9730038F6FF /* Release */ = {
			isa = XCBuildConfiguration;
			buildSettings = {
				ALWAYS_SEARCH_USER_PATHS = NO;
				ASSETCATALOG_COMPILER_GENERATE_SWIFT_ASSET_SYMBOL_EXTENSIONS = YES;
				CLANG_ANALYZER_NONNULL = YES;
				CLANG_ANALYZER_NUMBER_OBJECT_CONVERSION = YES_AGGRESSIVE;
				CLANG_CXX_LANGUAGE_STANDARD = "gnu++20";
				CLANG_ENABLE_MODULES = YES;
				CLANG_ENABLE_OBJC_ARC = YES;
				CLANG_ENABLE_OBJC_WEAK = YES;
				CLANG_WARN_BLOCK_CAPTURE_AUTORELEASING = YES;
				CLANG_WARN_BOOL_CONVERSION = YES;
				CLANG_WARN_COMMA = YES;
				CLANG_WARN_CONSTANT_CONVERSION = YES;
				CLANG_WARN_DEPRECATED_OBJC_IMPLEMENTATIONS = YES;
				CLANG_WARN_DIRECT_OBJC_ISA_USAGE = YES_ERROR;
				CLANG_WARN_DOCUMENTATION_COMMENTS = YES;
				CLANG_WARN_EMPTY_BODY = YES;
				CLANG_WARN_ENUM_CONVERSION = YES;
				CLANG_WARN_INFINITE_RECURSION = YES;
				CLANG_WARN_INT_CONVERSION = YES;
				CLANG_WARN_NON_LITERAL_NULL_CONVERSION = YES;
				CLANG_WARN_OBJC_IMPLICIT_RETAIN_SELF = YES;
				CLANG_WARN_OBJC_LITERAL_CONVERSION = YES;
				CLANG_WARN_OBJC_ROOT_CLASS = YES_ERROR;
				CLANG_WARN_QUOTED_INCLUDE_IN_FRAMEWORK_HEADER = YES;
				CLANG_WARN_RANGE_LOOP_ANALYSIS = YES;
				CLANG_WARN_STRICT_PROTOTYPES = YES;
				CLANG_WARN_SUSPICIOUS_MOVE = YES;
				CLANG_WARN_UNGUARDED_AVAILABILITY = YES_AGGRESSIVE;
				CLANG_WARN_UNREACHABLE_CODE = YES;
				CLANG_WARN__DUPLICATE_METHOD_MATCH = YES;
				COPY_PHASE_STRIP = NO;
				DEBUG_INFORMATION_FORMAT = "dwarf-with-dsym";
				ENABLE_NS_ASSERTIONS = NO;
				ENABLE_STRICT_OBJC_MSGSEND = YES;
				ENABLE_USER_SCRIPT_SANDBOXING = YES;
				GCC_C_LANGUAGE_STANDARD = gnu17;
				GCC_NO_COMMON_BLOCKS = YES;
				GCC_WARN_64_TO_32_BIT_CONVERSION = YES;
				GCC_WARN_ABOUT_RETURN_TYPE = YES_ERROR;
				GCC_WARN_UNDECLARED_SELECTOR = YES;
				GCC_WARN_UNINITIALIZED_AUTOS = YES_AGGRESSIVE;
				GCC_WARN_UNUSED_FUNCTION = YES;
				GCC_WARN_UNUSED_VARIABLE = YES;
				IPHONEOS_DEPLOYMENT_TARGET = 17.5;
				LOCALIZATION_PREFERS_STRING_CATALOGS = YES;
				MTL_ENABLE_DEBUG_INFO = NO;
				MTL_FAST_MATH = YES;
				SDKROOT = iphoneos;
				SWIFT_COMPILATION_MODE = wholemodule;
				VALIDATE_PRODUCT = YES;
			};
			name = Release;
		};
		713490352C2DB9730038F6FF /* Debug */ = {
			isa = XCBuildConfiguration;
			buildSettings = {
				ASSETCATALOG_COMPILER_APPICON_NAME = AppIcon;
				ASSETCATALOG_COMPILER_GLOBAL_ACCENT_COLOR_NAME = AccentColor;
				CODE_SIGN_STYLE = Automatic;
				CURRENT_PROJECT_VERSION = 1;
				DEVELOPMENT_ASSET_PATHS = "\"SwiftDataTest/Preview Content\"";
				DEVELOPMENT_TEAM = LDPWJGJD9Z;
				ENABLE_PREVIEWS = YES;
				GENERATE_INFOPLIST_FILE = YES;
				INFOPLIST_KEY_UIApplicationSceneManifest_Generation = YES;
				INFOPLIST_KEY_UIApplicationSupportsIndirectInputEvents = YES;
				INFOPLIST_KEY_UILaunchScreen_Generation = YES;
				INFOPLIST_KEY_UISupportedInterfaceOrientations_iPad = "UIInterfaceOrientationPortrait UIInterfaceOrientationPortraitUpsideDown UIInterfaceOrientationLandscapeLeft UIInterfaceOrientationLandscapeRight";
				INFOPLIST_KEY_UISupportedInterfaceOrientations_iPhone = "UIInterfaceOrientationPortrait UIInterfaceOrientationLandscapeLeft UIInterfaceOrientationLandscapeRight";
				LD_RUNPATH_SEARCH_PATHS = (
					"$(inherited)",
					"@executable_path/Frameworks",
				);
				MARKETING_VERSION = 1.0;
				PRODUCT_BUNDLE_IDENTIFIER = com.kookybread.SwiftDataTest;
				PRODUCT_NAME = "$(TARGET_NAME)";
				SWIFT_EMIT_LOC_STRINGS = YES;
				SWIFT_VERSION = 5.0;
				TARGETED_DEVICE_FAMILY = "1,2";
			};
			name = Debug;
		};
		713490362C2DB9730038F6FF /* Release */ = {
			isa = XCBuildConfiguration;
			buildSettings = {
				ASSETCATALOG_COMPILER_APPICON_NAME = AppIcon;
				ASSETCATALOG_COMPILER_GLOBAL_ACCENT_COLOR_NAME = AccentColor;
				CODE_SIGN_STYLE = Automatic;
				CURRENT_PROJECT_VERSION = 1;
				DEVELOPMENT_ASSET_PATHS = "\"SwiftDataTest/Preview Content\"";
				DEVELOPMENT_TEAM = LDPWJGJD9Z;
				ENABLE_PREVIEWS = YES;
				GENERATE_INFOPLIST_FILE = YES;
				INFOPLIST_KEY_UIApplicationSceneManifest_Generation = YES;
				INFOPLIST_KEY_UIApplicationSupportsIndirectInputEvents = YES;
				INFOPLIST_KEY_UILaunchScreen_Generation = YES;
				INFOPLIST_KEY_UISupportedInterfaceOrientations_iPad = "UIInterfaceOrientationPortrait UIInterfaceOrientationPortraitUpsideDown UIInterfaceOrientationLandscapeLeft UIInterfaceOrientationLandscapeRight";
				INFOPLIST_KEY_UISupportedInterfaceOrientations_iPhone = "UIInterfaceOrientationPortrait UIInterfaceOrientationLandscapeLeft UIInterfaceOrientationLandscapeRight";
				LD_RUNPATH_SEARCH_PATHS = (
					"$(inherited)",
					"@executable_path/Frameworks",
				);
				MARKETING_VERSION = 1.0;
				PRODUCT_BUNDLE_IDENTIFIER = com.kookybread.SwiftDataTest;
				PRODUCT_NAME = "$(TARGET_NAME)";
				SWIFT_EMIT_LOC_STRINGS = YES;
				SWIFT_VERSION = 5.0;
				TARGETED_DEVICE_FAMILY = "1,2";
			};
			name = Release;
		};
/* End XCBuildConfiguration section */

/* Begin XCConfigurationList section */
		7134901F2C2DB9710038F6FF /* Build configuration list for PBXProject "SwiftDataTest" */ = {
			isa = XCConfigurationList;
			buildConfigurations = (
				713490322C2DB9730038F6FF /* Debug */,
				713490332C2DB9730038F6FF /* Release */,
			);
			defaultConfigurationIsVisible = 0;
			defaultConfigurationName = Release;
		};
		713490342C2DB9730038F6FF /* Build configuration list for PBXNativeTarget "SwiftDataTest" */ = {
			isa = XCConfigurationList;
			buildConfigurations = (
				713490352C2DB9730038F6FF /* Debug */,
				713490362C2DB9730038F6FF /* Release */,
			);
			defaultConfigurationIsVisible = 0;
			defaultConfigurationName = Release;
		};
/* End XCConfigurationList section */
	};
	rootObject = 7134901C2C2DB9710038F6FF /* Project object */;
}
